
Microsoft Visual Studio Solution File, Format Version 12.00
# Visual Studio 15
VisualStudioVersion = 15.0.27130.2020
MinimumVisualStudioVersion = 10.0.40219.1
Project("{FAE04EC0-301F-11D3-BF4B-00C04F79EFBC}") = "GeekBurger-UI", "GeekBurger-UI\GeekBurger-UI.csproj", "{A78066D8-E30C-4ABA-B9EC-454FF8484298}"
EndProject
Global
	GlobalSection(SolutionConfigurationPlatforms) = preSolution
		Debug|Any CPU = Debug|Any CPU
		Release|Any CPU = Release|Any CPU
	EndGlobalSection
	GlobalSection(ProjectConfigurationPlatforms) = postSolution
		{A78066D8-E30C-4ABA-B9EC-454FF8484298}.Debug|Any CPU.ActiveCfg = Debug|Any CPU
		{A78066D8-E30C-4ABA-B9EC-454FF8484298}.Debug|Any CPU.Build.0 = Debug|Any CPU
		{A78066D8-E30C-4ABA-B9EC-454FF8484298}.Release|Any CPU.ActiveCfg = Release|Any CPU
		{A78066D8-E30C-4ABA-B9EC-454FF8484298}.Release|Any CPU.Build.0 = Release|Any CPU
	EndGlobalSection
	GlobalSection(SolutionProperties) = preSolution
		HideSolutionNode = FALSE
	EndGlobalSection
	GlobalSection(ExtensibilityGlobals) = postSolution
		SolutionGuid = {C34FA3F4-ACD7-4CA7-BDD9-4271D0618B55}
	EndGlobalSection
EndGlobal
