
Microsoft Visual Studio Solution File, Format Version 12.00
# Visual Studio 15
VisualStudioVersion = 15.0.27703.2035
MinimumVisualStudioVersion = 10.0.40219.1
Project("{9A19103F-16F7-4668-BE54-9A1E7A4F7556}") = "GeekBurger.Ui.Api", "GeekBurger.Ui.Api\GeekBurger.Ui.Api.csproj", "{9372AAD2-8B93-4F25-9590-E98CA0D5BC3D}"
EndProject
Project("{9A19103F-16F7-4668-BE54-9A1E7A4F7556}") = "GeekBurger.Ui.CrossCutting", "GeekBurger.Ui.CrossCutting\GeekBurger.Ui.CrossCutting.csproj", "{72FC86F3-428E-4C19-B7EC-D5E134FA8743}"
EndProject
Project("{9A19103F-16F7-4668-BE54-9A1E7A4F7556}") = "GeekBurger.Ui.Application", "GeekBurger.Ui.Application\GeekBurger.Ui.Application.csproj", "{5F427AFE-7B7F-4ECA-8EF2-0D568388FF24}"
EndProject
Project("{9A19103F-16F7-4668-BE54-9A1E7A4F7556}") = "GeekBurger.Ui.Domain", "GeekBurger.Ui.Domain\GeekBurger.Ui.Domain.csproj", "{B4024542-9784-46FF-81D4-8FB5B7988A7D}"
EndProject
Project("{FAE04EC0-301F-11D3-BF4B-00C04F79EFBC}") = "GeekBurger.Ui.Contracts", "GeekBurger.Ui.Contracts\GeekBurger.Ui.Contracts.csproj", "{30CDB8EB-D63B-430D-932E-6FE79F276324}"
EndProject
Global
	GlobalSection(SolutionConfigurationPlatforms) = preSolution
		Debug|Any CPU = Debug|Any CPU
		Release|Any CPU = Release|Any CPU
	EndGlobalSection
	GlobalSection(ProjectConfigurationPlatforms) = postSolution
		{9372AAD2-8B93-4F25-9590-E98CA0D5BC3D}.Debug|Any CPU.ActiveCfg = Debug|Any CPU
		{9372AAD2-8B93-4F25-9590-E98CA0D5BC3D}.Debug|Any CPU.Build.0 = Debug|Any CPU
		{9372AAD2-8B93-4F25-9590-E98CA0D5BC3D}.Release|Any CPU.ActiveCfg = Release|Any CPU
		{9372AAD2-8B93-4F25-9590-E98CA0D5BC3D}.Release|Any CPU.Build.0 = Release|Any CPU
		{72FC86F3-428E-4C19-B7EC-D5E134FA8743}.Debug|Any CPU.ActiveCfg = Debug|Any CPU
		{72FC86F3-428E-4C19-B7EC-D5E134FA8743}.Debug|Any CPU.Build.0 = Debug|Any CPU
		{72FC86F3-428E-4C19-B7EC-D5E134FA8743}.Release|Any CPU.ActiveCfg = Release|Any CPU
		{72FC86F3-428E-4C19-B7EC-D5E134FA8743}.Release|Any CPU.Build.0 = Release|Any CPU
		{5F427AFE-7B7F-4ECA-8EF2-0D568388FF24}.Debug|Any CPU.ActiveCfg = Debug|Any CPU
		{5F427AFE-7B7F-4ECA-8EF2-0D568388FF24}.Debug|Any CPU.Build.0 = Debug|Any CPU
		{5F427AFE-7B7F-4ECA-8EF2-0D568388FF24}.Release|Any CPU.ActiveCfg = Release|Any CPU
		{5F427AFE-7B7F-4ECA-8EF2-0D568388FF24}.Release|Any CPU.Build.0 = Release|Any CPU
		{B4024542-9784-46FF-81D4-8FB5B7988A7D}.Debug|Any CPU.ActiveCfg = Debug|Any CPU
		{B4024542-9784-46FF-81D4-8FB5B7988A7D}.Debug|Any CPU.Build.0 = Debug|Any CPU
		{B4024542-9784-46FF-81D4-8FB5B7988A7D}.Release|Any CPU.ActiveCfg = Release|Any CPU
		{B4024542-9784-46FF-81D4-8FB5B7988A7D}.Release|Any CPU.Build.0 = Release|Any CPU
		{30CDB8EB-D63B-430D-932E-6FE79F276324}.Debug|Any CPU.ActiveCfg = Debug|Any CPU
		{30CDB8EB-D63B-430D-932E-6FE79F276324}.Debug|Any CPU.Build.0 = Debug|Any CPU
		{30CDB8EB-D63B-430D-932E-6FE79F276324}.Release|Any CPU.ActiveCfg = Release|Any CPU
		{30CDB8EB-D63B-430D-932E-6FE79F276324}.Release|Any CPU.Build.0 = Release|Any CPU
	EndGlobalSection
	GlobalSection(SolutionProperties) = preSolution
		HideSolutionNode = FALSE
	EndGlobalSection
	GlobalSection(ExtensibilityGlobals) = postSolution
		SolutionGuid = {DC924835-0B18-4842-BCDB-82B56A6D1213}
	EndGlobalSection
EndGlobal
